{
  "nodes": {
    "nixpkgs": {
      "locked": {
        "lastModified": 1615583000,
        "narHash": "sha256-ysd3ntUs8qeVuYdmp2Y5J992NVdoKji9i92StU3IJ7M=",
        "owner": "NixOS",
        "repo": "nixpkgs",
        "rev": "60b18a066e8ce5dd21ebff5324345d3586a67ad9",
        "type": "github"
      },
      "original": {
        "owner": "NixOS",
        "ref": "release-20.09",
        "repo": "nixpkgs",
        "type": "github"
      }
    },
    "root": {
      "inputs": {
        "nixpkgs": "nixpkgs"
      }
    }
  },
  "root": "root",
  "version": 7
}
